
Microsoft Visual Studio Solution File, Format Version 12.00
# Visual Studio Version 17
VisualStudioVersion = 17.7.34018.315
MinimumVisualStudioVersion = 10.0.40219.1
Project("{FAE04EC0-301F-11D3-BF4B-00C04F79EFBC}") = "ветвление на свою тему", "ветвление на свою тему\ветвление на свою тему.csproj", "{199475E8-0931-4682-B734-387B84C11069}"
EndProject
Global
	GlobalSection(SolutionConfigurationPlatforms) = preSolution
		Debug|Any CPU = Debug|Any CPU
		Release|Any CPU = Release|Any CPU
	EndGlobalSection
	GlobalSection(ProjectConfigurationPlatforms) = postSolution
		{199475E8-0931-4682-B734-387B84C11069}.Debug|Any CPU.ActiveCfg = Debug|Any CPU
		{199475E8-0931-4682-B734-387B84C11069}.Debug|Any CPU.Build.0 = Debug|Any CPU
		{199475E8-0931-4682-B734-387B84C11069}.Release|Any CPU.ActiveCfg = Release|Any CPU
		{199475E8-0931-4682-B734-387B84C11069}.Release|Any CPU.Build.0 = Release|Any CPU
	EndGlobalSection
	GlobalSection(SolutionProperties) = preSolution
		HideSolutionNode = FALSE
	EndGlobalSection
	GlobalSection(ExtensibilityGlobals) = postSolution
		SolutionGuid = {2B28690F-F5BB-46D9-AED6-CEA09EE335CE}
	EndGlobalSection
EndGlobal
